# Generated by pub
# See http://pub.dartlang.org/doc/glossary.html#lockfile
packages:
  archive:
    description: archive
    source: hosted
    version: "1.0.17"
  crypto:
    description: crypto
    source: hosted
    version: "0.9.0"
  fixnum:
    description: fixnum
    source: hosted
    version: "0.9.0"
